
Microsoft Visual Studio Solution File, Format Version 12.00
# Visual Studio Version 16
VisualStudioVersion = 16.0.29911.84
MinimumVisualStudioVersion = 10.0.40219.1
Project("{FAE04EC0-301F-11D3-BF4B-00C04F79EFBC}") = "Roulette", "Roulette\Roulette.csproj", "{963E2999-71C6-40A8-89A4-26A0E6179AA6}"
EndProject
Project("{FAE04EC0-301F-11D3-BF4B-00C04F79EFBC}") = "WPF Game RoulettLogic", "WPF Game RoulettLogic\WPF Game RoulettLogic.csproj", "{0B186EEB-A7EF-4B36-AC05-190292CDC7C4}"
EndProject
Global
	GlobalSection(SolutionConfigurationPlatforms) = preSolution
		Debug|Any CPU = Debug|Any CPU
		Release|Any CPU = Release|Any CPU
	EndGlobalSection
	GlobalSection(ProjectConfigurationPlatforms) = postSolution
		{963E2999-71C6-40A8-89A4-26A0E6179AA6}.Debug|Any CPU.ActiveCfg = Debug|Any CPU
		{963E2999-71C6-40A8-89A4-26A0E6179AA6}.Debug|Any CPU.Build.0 = Debug|Any CPU
		{963E2999-71C6-40A8-89A4-26A0E6179AA6}.Release|Any CPU.ActiveCfg = Release|Any CPU
		{963E2999-71C6-40A8-89A4-26A0E6179AA6}.Release|Any CPU.Build.0 = Release|Any CPU
		{0B186EEB-A7EF-4B36-AC05-190292CDC7C4}.Debug|Any CPU.ActiveCfg = Debug|Any CPU
		{0B186EEB-A7EF-4B36-AC05-190292CDC7C4}.Debug|Any CPU.Build.0 = Debug|Any CPU
		{0B186EEB-A7EF-4B36-AC05-190292CDC7C4}.Release|Any CPU.ActiveCfg = Release|Any CPU
		{0B186EEB-A7EF-4B36-AC05-190292CDC7C4}.Release|Any CPU.Build.0 = Release|Any CPU
	EndGlobalSection
	GlobalSection(SolutionProperties) = preSolution
		HideSolutionNode = FALSE
	EndGlobalSection
	GlobalSection(ExtensibilityGlobals) = postSolution
		SolutionGuid = {32DCAD4D-FD31-45F4-987B-891A92DFE4F3}
	EndGlobalSection
EndGlobal
